// !$*UTF8*$!
{
	archiveVersion = 1;
	classes = {
	};
	objectVersion = 56;
	objects = {

/* Begin PBXBuildFile section */
		1C9391D62A221BB1003143CD /* TopTradersViewController.swift in Sources */ = {isa = PBXBuildFile; fileRef = 1C9391D52A221BB1003143CD /* TopTradersViewController.swift */; };
		1C9391DA2A221C90003143CD /* TradeCell.swift in Sources */ = {isa = PBXBuildFile; fileRef = 1C9391D92A221C90003143CD /* TradeCell.swift */; };
		1C9391DC2A221CAC003143CD /* TopTraderModel.swift in Sources */ = {isa = PBXBuildFile; fileRef = 1C9391DB2A221CAC003143CD /* TopTraderModel.swift */; };
		1C9391DE2A221CB4003143CD /* TopTraderViewModel.swift in Sources */ = {isa = PBXBuildFile; fileRef = 1C9391DD2A221CB4003143CD /* TopTraderViewModel.swift */; };
		1C9AC7CF2A23BFA30017E121 /* CurrencyPairViewModel.swift in Sources */ = {isa = PBXBuildFile; fileRef = 1C9AC7CE2A23BFA30017E121 /* CurrencyPairViewModel.swift */; };
		1C9AC7D22A23BFD00017E121 /* CustomCollectionCell.swift in Sources */ = {isa = PBXBuildFile; fileRef = 1C9AC7D12A23BFD00017E121 /* CustomCollectionCell.swift */; };
		1C9AC7D62A23E9820017E121 /* GPBUSD.html in Resources */ = {isa = PBXBuildFile; fileRef = 1C9AC7D52A23E9820017E121 /* GPBUSD.html */; };
		1C9AC7D82A23E9D60017E121 /* GBPJPY.html in Resources */ = {isa = PBXBuildFile; fileRef = 1C9AC7D72A23E9D60017E121 /* GBPJPY.html */; };
		1C9AC7DA2A23E9F30017E121 /* USDJPY.html in Resources */ = {isa = PBXBuildFile; fileRef = 1C9AC7D92A23E9F30017E121 /* USDJPY.html */; };
		1C9AC7DC2A23EA160017E121 /* AUDUSD.html in Resources */ = {isa = PBXBuildFile; fileRef = 1C9AC7DB2A23EA160017E121 /* AUDUSD.html */; };
		1C9AC7DE2A23EA310017E121 /* USDCAD.html in Resources */ = {isa = PBXBuildFile; fileRef = 1C9AC7DD2A23EA310017E121 /* USDCAD.html */; };
		1C9AC7E02A23EA4B0017E121 /* EURJPY.html in Resources */ = {isa = PBXBuildFile; fileRef = 1C9AC7DF2A23EA4B0017E121 /* EURJPY.html */; };
		1C9AC7E22A23EA6A0017E121 /* NZDUSD.html in Resources */ = {isa = PBXBuildFile; fileRef = 1C9AC7E12A23EA6A0017E121 /* NZDUSD.html */; };
		1C9AC7E42A23EA860017E121 /* USDCHF.html in Resources */ = {isa = PBXBuildFile; fileRef = 1C9AC7E32A23EA860017E121 /* USDCHF.html */; };
		1C9AC7E82A23EAC20017E121 /* AUDJPY.html in Resources */ = {isa = PBXBuildFile; fileRef = 1C9AC7E72A23EAC20017E121 /* AUDJPY.html */; };
		1C9AC7EA2A23EADF0017E121 /* NZDJPY.html in Resources */ = {isa = PBXBuildFile; fileRef = 1C9AC7E92A23EADF0017E121 /* NZDJPY.html */; };
		1C9AC7EC2A23EAF90017E121 /* EURAUD.html in Resources */ = {isa = PBXBuildFile; fileRef = 1C9AC7EB2A23EAF90017E121 /* EURAUD.html */; };
		1C9AC7EE2A23EB190017E121 /* EURGBP.html in Resources */ = {isa = PBXBuildFile; fileRef = 1C9AC7ED2A23EB190017E121 /* EURGBP.html */; };
		1C9AC7F02A23EB350017E121 /* AUDCAD.html in Resources */ = {isa = PBXBuildFile; fileRef = 1C9AC7EF2A23EB350017E121 /* AUDCAD.html */; };
		1CE8D6202A1D0B160082D8C1 /* AppDelegate.swift in Sources */ = {isa = PBXBuildFile; fileRef = 1CE8D61F2A1D0B160082D8C1 /* AppDelegate.swift */; };
		1CE8D6222A1D0B160082D8C1 /* SceneDelegate.swift in Sources */ = {isa = PBXBuildFile; fileRef = 1CE8D6212A1D0B160082D8C1 /* SceneDelegate.swift */; };
		1CE8D6242A1D0B160082D8C1 /* TradeViewController.swift in Sources */ = {isa = PBXBuildFile; fileRef = 1CE8D6232A1D0B160082D8C1 /* TradeViewController.swift */; };
		1CE8D6292A1D0B180082D8C1 /* Assets.xcassets in Resources */ = {isa = PBXBuildFile; fileRef = 1CE8D6282A1D0B180082D8C1 /* Assets.xcassets */; };
		1CE8D62C2A1D0B180082D8C1 /* LaunchScreen.storyboard in Resources */ = {isa = PBXBuildFile; fileRef = 1CE8D62A2A1D0B180082D8C1 /* LaunchScreen.storyboard */; };
		1CE8D63B2A1D10220082D8C1 /* SnapKit in Frameworks */ = {isa = PBXBuildFile; productRef = 1CE8D63A2A1D10220082D8C1 /* SnapKit */; };
		1CE8D63D2A1D13E90082D8C1 /* EURUSD.html in Resources */ = {isa = PBXBuildFile; fileRef = 1CE8D63C2A1D13550082D8C1 /* EURUSD.html */; };
		1CE8D6412A1D1C930082D8C1 /* TradeViewModel.swift in Sources */ = {isa = PBXBuildFile; fileRef = 1CE8D6402A1D1C930082D8C1 /* TradeViewModel.swift */; };
		1CE8D6432A1D1F890082D8C1 /* Extensions.swift in Sources */ = {isa = PBXBuildFile; fileRef = 1CE8D6422A1D1F890082D8C1 /* Extensions.swift */; };
		1CE8D6452A1D20980082D8C1 /* Fonts.swift in Sources */ = {isa = PBXBuildFile; fileRef = 1CE8D6442A1D20980082D8C1 /* Fonts.swift */; };
		1CE8D6542A1D221F0082D8C1 /* Inter-Bold.ttf in Resources */ = {isa = PBXBuildFile; fileRef = 1CE8D6522A1D221F0082D8C1 /* Inter-Bold.ttf */; };
		1CE8D6552A1D221F0082D8C1 /* Inter-Medium.ttf in Resources */ = {isa = PBXBuildFile; fileRef = 1CE8D6532A1D221F0082D8C1 /* Inter-Medium.ttf */; };
		1CE8D65B2A1D2FC30082D8C1 /* ViewController.swift in Sources */ = {isa = PBXBuildFile; fileRef = 1CE8D65A2A1D2FC30082D8C1 /* ViewController.swift */; };
		1CE8D65D2A1D45DB0082D8C1 /* CustomActionsStack.swift in Sources */ = {isa = PBXBuildFile; fileRef = 1CE8D65C2A1D45DB0082D8C1 /* CustomActionsStack.swift */; };
		1CE8D65F2A1E01950082D8C1 /* Animations.swift in Sources */ = {isa = PBXBuildFile; fileRef = 1CE8D65E2A1E01950082D8C1 /* Animations.swift */; };
		1CE8D6632A1E06630082D8C1 /* CustomLabel.swift in Sources */ = {isa = PBXBuildFile; fileRef = 1CE8D6622A1E06630082D8C1 /* CustomLabel.swift */; };
		1CE8D6652A1E14BF0082D8C1 /* BalanceLabel.swift in Sources */ = {isa = PBXBuildFile; fileRef = 1CE8D6642A1E14BF0082D8C1 /* BalanceLabel.swift */; };
		1CE8D6672A1E26070082D8C1 /* CustomStepperButton.swift in Sources */ = {isa = PBXBuildFile; fileRef = 1CE8D6662A1E26070082D8C1 /* CustomStepperButton.swift */; };
		1CE8D6692A1E262E0082D8C1 /* CustomStepperLabel.swift in Sources */ = {isa = PBXBuildFile; fileRef = 1CE8D6682A1E262E0082D8C1 /* CustomStepperLabel.swift */; };
		1CE8D66B2A1E2C4E0082D8C1 /* CustomButton.swift in Sources */ = {isa = PBXBuildFile; fileRef = 1CE8D66A2A1E2C4E0082D8C1 /* CustomButton.swift */; };
		1CE8D66D2A1E342A0082D8C1 /* TradeModel.swift in Sources */ = {isa = PBXBuildFile; fileRef = 1CE8D66C2A1E342A0082D8C1 /* TradeModel.swift */; };
		1CE8D66F2A1E8E9F0082D8C1 /* NotificationView.swift in Sources */ = {isa = PBXBuildFile; fileRef = 1CE8D66E2A1E8E9F0082D8C1 /* NotificationView.swift */; };
		1CE8D67A2A1EACF40082D8C1 /* LoadingView.swift in Sources */ = {isa = PBXBuildFile; fileRef = 1CE8D6792A1EACF40082D8C1 /* LoadingView.swift */; };
		1CE8D67E2A1F49F10082D8C1 /* SystemConfiguration.framework in Frameworks */ = {isa = PBXBuildFile; fileRef = 1CE8D67C2A1F499C0082D8C1 /* SystemConfiguration.framework */; };
		1CE8D6822A1F52C20082D8C1 /* ConnectionErrorLabel.swift in Sources */ = {isa = PBXBuildFile; fileRef = 1CE8D6812A1F52C20082D8C1 /* ConnectionErrorLabel.swift */; };
		1CE8D6842A1F558D0082D8C1 /* Inter-ExtraBold.ttf in Resources */ = {isa = PBXBuildFile; fileRef = 1CE8D6832A1F558D0082D8C1 /* Inter-ExtraBold.ttf */; };
		1CE8D6862A1F62DF0082D8C1 /* HapticGenerator.swift in Sources */ = {isa = PBXBuildFile; fileRef = 1CE8D6852A1F62DF0082D8C1 /* HapticGenerator.swift */; };
		1CE8D68D2A20CBCC0082D8C1 /* CurrencyPairViewController.swift in Sources */ = {isa = PBXBuildFile; fileRef = 1CE8D68C2A20CBCC0082D8C1 /* CurrencyPairViewController.swift */; };
		F15B13710A4DEBD6AACAFC62 /* Pods_TradeApp.framework in Frameworks */ = {isa = PBXBuildFile; fileRef = 22C177FCE53664FA5E15BC3D /* Pods_TradeApp.framework */; };
/* End PBXBuildFile section */

/* Begin PBXFileReference section */
		1C9391D52A221BB1003143CD /* TopTradersViewController.swift */ = {isa = PBXFileReference; lastKnownFileType = sourcecode.swift; path = TopTradersViewController.swift; sourceTree = "<group>"; };
		1C9391D92A221C90003143CD /* TradeCell.swift */ = {isa = PBXFileReference; lastKnownFileType = sourcecode.swift; path = TradeCell.swift; sourceTree = "<group>"; };
		1C9391DB2A221CAC003143CD /* TopTraderModel.swift */ = {isa = PBXFileReference; lastKnownFileType = sourcecode.swift; path = TopTraderModel.swift; sourceTree = "<group>"; };
		1C9391DD2A221CB4003143CD /* TopTraderViewModel.swift */ = {isa = PBXFileReference; lastKnownFileType = sourcecode.swift; path = TopTraderViewModel.swift; sourceTree = "<group>"; };
		1C9AC7CE2A23BFA30017E121 /* CurrencyPairViewModel.swift */ = {isa = PBXFileReference; lastKnownFileType = sourcecode.swift; path = CurrencyPairViewModel.swift; sourceTree = "<group>"; };
		1C9AC7D12A23BFD00017E121 /* CustomCollectionCell.swift */ = {isa = PBXFileReference; lastKnownFileType = sourcecode.swift; path = CustomCollectionCell.swift; sourceTree = "<group>"; };
		1C9AC7D52A23E9820017E121 /* GPBUSD.html */ = {isa = PBXFileReference; lastKnownFileType = text.html; path = GPBUSD.html; sourceTree = "<group>"; };
		1C9AC7D72A23E9D60017E121 /* GBPJPY.html */ = {isa = PBXFileReference; lastKnownFileType = text.html; path = GBPJPY.html; sourceTree = "<group>"; };
		1C9AC7D92A23E9F30017E121 /* USDJPY.html */ = {isa = PBXFileReference; lastKnownFileType = text.html; path = USDJPY.html; sourceTree = "<group>"; };
		1C9AC7DB2A23EA160017E121 /* AUDUSD.html */ = {isa = PBXFileReference; lastKnownFileType = text.html; path = AUDUSD.html; sourceTree = "<group>"; };
		1C9AC7DD2A23EA310017E121 /* USDCAD.html */ = {isa = PBXFileReference; lastKnownFileType = text.html; path = USDCAD.html; sourceTree = "<group>"; };
		1C9AC7DF2A23EA4B0017E121 /* EURJPY.html */ = {isa = PBXFileReference; lastKnownFileType = text.html; path = EURJPY.html; sourceTree = "<group>"; };
		1C9AC7E12A23EA6A0017E121 /* NZDUSD.html */ = {isa = PBXFileReference; lastKnownFileType = text.html; path = NZDUSD.html; sourceTree = "<group>"; };
		1C9AC7E32A23EA860017E121 /* USDCHF.html */ = {isa = PBXFileReference; lastKnownFileType = text.html; path = USDCHF.html; sourceTree = "<group>"; };
		1C9AC7E72A23EAC20017E121 /* AUDJPY.html */ = {isa = PBXFileReference; lastKnownFileType = text.html; path = AUDJPY.html; sourceTree = "<group>"; };
		1C9AC7E92A23EADF0017E121 /* NZDJPY.html */ = {isa = PBXFileReference; lastKnownFileType = text.html; path = NZDJPY.html; sourceTree = "<group>"; };
		1C9AC7EB2A23EAF90017E121 /* EURAUD.html */ = {isa = PBXFileReference; lastKnownFileType = text.html; path = EURAUD.html; sourceTree = "<group>"; };
		1C9AC7ED2A23EB190017E121 /* EURGBP.html */ = {isa = PBXFileReference; lastKnownFileType = text.html; path = EURGBP.html; sourceTree = "<group>"; };
		1C9AC7EF2A23EB350017E121 /* AUDCAD.html */ = {isa = PBXFileReference; lastKnownFileType = text.html; path = AUDCAD.html; sourceTree = "<group>"; };
		1CE8D61C2A1D0B160082D8C1 /* TradeApp.app */ = {isa = PBXFileReference; explicitFileType = wrapper.application; includeInIndex = 0; path = TradeApp.app; sourceTree = BUILT_PRODUCTS_DIR; };
		1CE8D61F2A1D0B160082D8C1 /* AppDelegate.swift */ = {isa = PBXFileReference; lastKnownFileType = sourcecode.swift; path = AppDelegate.swift; sourceTree = "<group>"; };
		1CE8D6212A1D0B160082D8C1 /* SceneDelegate.swift */ = {isa = PBXFileReference; lastKnownFileType = sourcecode.swift; path = SceneDelegate.swift; sourceTree = "<group>"; };
		1CE8D6232A1D0B160082D8C1 /* TradeViewController.swift */ = {isa = PBXFileReference; lastKnownFileType = sourcecode.swift; path = TradeViewController.swift; sourceTree = "<group>"; };
		1CE8D6282A1D0B180082D8C1 /* Assets.xcassets */ = {isa = PBXFileReference; lastKnownFileType = folder.assetcatalog; path = Assets.xcassets; sourceTree = "<group>"; };
		1CE8D62B2A1D0B180082D8C1 /* Base */ = {isa = PBXFileReference; lastKnownFileType = file.storyboard; name = Base; path = Base.lproj/LaunchScreen.storyboard; sourceTree = "<group>"; };
		1CE8D62D2A1D0B180082D8C1 /* Info.plist */ = {isa = PBXFileReference; lastKnownFileType = text.plist.xml; path = Info.plist; sourceTree = "<group>"; };
		1CE8D63C2A1D13550082D8C1 /* EURUSD.html */ = {isa = PBXFileReference; lastKnownFileType = text.html; path = EURUSD.html; sourceTree = "<group>"; };
		1CE8D6402A1D1C930082D8C1 /* TradeViewModel.swift */ = {isa = PBXFileReference; lastKnownFileType = sourcecode.swift; path = TradeViewModel.swift; sourceTree = "<group>"; };
		1CE8D6422A1D1F890082D8C1 /* Extensions.swift */ = {isa = PBXFileReference; lastKnownFileType = sourcecode.swift; path = Extensions.swift; sourceTree = "<group>"; };
		1CE8D6442A1D20980082D8C1 /* Fonts.swift */ = {isa = PBXFileReference; lastKnownFileType = sourcecode.swift; path = Fonts.swift; sourceTree = "<group>"; };
		1CE8D6522A1D221F0082D8C1 /* Inter-Bold.ttf */ = {isa = PBXFileReference; lastKnownFileType = file; path = "Inter-Bold.ttf"; sourceTree = "<group>"; };
		1CE8D6532A1D221F0082D8C1 /* Inter-Medium.ttf */ = {isa = PBXFileReference; lastKnownFileType = file; path = "Inter-Medium.ttf"; sourceTree = "<group>"; };
		1CE8D65A2A1D2FC30082D8C1 /* ViewController.swift */ = {isa = PBXFileReference; lastKnownFileType = sourcecode.swift; path = ViewController.swift; sourceTree = "<group>"; };
		1CE8D65C2A1D45DB0082D8C1 /* CustomActionsStack.swift */ = {isa = PBXFileReference; lastKnownFileType = sourcecode.swift; path = CustomActionsStack.swift; sourceTree = "<group>"; };
		1CE8D65E2A1E01950082D8C1 /* Animations.swift */ = {isa = PBXFileReference; lastKnownFileType = sourcecode.swift; path = Animations.swift; sourceTree = "<group>"; };
		1CE8D6622A1E06630082D8C1 /* CustomLabel.swift */ = {isa = PBXFileReference; lastKnownFileType = sourcecode.swift; path = CustomLabel.swift; sourceTree = "<group>"; };
		1CE8D6642A1E14BF0082D8C1 /* BalanceLabel.swift */ = {isa = PBXFileReference; lastKnownFileType = sourcecode.swift; path = BalanceLabel.swift; sourceTree = "<group>"; };
		1CE8D6662A1E26070082D8C1 /* CustomStepperButton.swift */ = {isa = PBXFileReference; lastKnownFileType = sourcecode.swift; path = CustomStepperButton.swift; sourceTree = "<group>"; };
		1CE8D6682A1E262E0082D8C1 /* CustomStepperLabel.swift */ = {isa = PBXFileReference; lastKnownFileType = sourcecode.swift; path = CustomStepperLabel.swift; sourceTree = "<group>"; };
		1CE8D66A2A1E2C4E0082D8C1 /* CustomButton.swift */ = {isa = PBXFileReference; lastKnownFileType = sourcecode.swift; path = CustomButton.swift; sourceTree = "<group>"; };
		1CE8D66C2A1E342A0082D8C1 /* TradeModel.swift */ = {isa = PBXFileReference; lastKnownFileType = sourcecode.swift; path = TradeModel.swift; sourceTree = "<group>"; };
		1CE8D66E2A1E8E9F0082D8C1 /* NotificationView.swift */ = {isa = PBXFileReference; lastKnownFileType = sourcecode.swift; path = NotificationView.swift; sourceTree = "<group>"; };
		1CE8D6792A1EACF40082D8C1 /* LoadingView.swift */ = {isa = PBXFileReference; lastKnownFileType = sourcecode.swift; path = LoadingView.swift; sourceTree = "<group>"; };
		1CE8D67C2A1F499C0082D8C1 /* SystemConfiguration.framework */ = {isa = PBXFileReference; lastKnownFileType = wrapper.framework; name = SystemConfiguration.framework; path = System/Library/Frameworks/SystemConfiguration.framework; sourceTree = SDKROOT; };
		1CE8D6812A1F52C20082D8C1 /* ConnectionErrorLabel.swift */ = {isa = PBXFileReference; lastKnownFileType = sourcecode.swift; path = ConnectionErrorLabel.swift; sourceTree = "<group>"; };
		1CE8D6832A1F558D0082D8C1 /* Inter-ExtraBold.ttf */ = {isa = PBXFileReference; lastKnownFileType = file; path = "Inter-ExtraBold.ttf"; sourceTree = "<group>"; };
		1CE8D6852A1F62DF0082D8C1 /* HapticGenerator.swift */ = {isa = PBXFileReference; lastKnownFileType = sourcecode.swift; path = HapticGenerator.swift; sourceTree = "<group>"; };
		1CE8D68C2A20CBCC0082D8C1 /* CurrencyPairViewController.swift */ = {isa = PBXFileReference; lastKnownFileType = sourcecode.swift; path = CurrencyPairViewController.swift; sourceTree = "<group>"; };
		22C177FCE53664FA5E15BC3D /* Pods_TradeApp.framework */ = {isa = PBXFileReference; explicitFileType = wrapper.framework; includeInIndex = 0; path = Pods_TradeApp.framework; sourceTree = BUILT_PRODUCTS_DIR; };
		6CDEFF66AB449A8E825D62FC /* Pods-TradeApp.debug.xcconfig */ = {isa = PBXFileReference; includeInIndex = 1; lastKnownFileType = text.xcconfig; name = "Pods-TradeApp.debug.xcconfig"; path = "Target Support Files/Pods-TradeApp/Pods-TradeApp.debug.xcconfig"; sourceTree = "<group>"; };
		AE48F26D07EE642A65830C84 /* Pods-TradeApp.release.xcconfig */ = {isa = PBXFileReference; includeInIndex = 1; lastKnownFileType = text.xcconfig; name = "Pods-TradeApp.release.xcconfig"; path = "Target Support Files/Pods-TradeApp/Pods-TradeApp.release.xcconfig"; sourceTree = "<group>"; };
/* End PBXFileReference section */

/* Begin PBXFrameworksBuildPhase section */
		1CE8D6192A1D0B160082D8C1 /* Frameworks */ = {
			isa = PBXFrameworksBuildPhase;
			buildActionMask = 2147483647;
			files = (
				1CE8D67E2A1F49F10082D8C1 /* SystemConfiguration.framework in Frameworks */,
				1CE8D63B2A1D10220082D8C1 /* SnapKit in Frameworks */,
				F15B13710A4DEBD6AACAFC62 /* Pods_TradeApp.framework in Frameworks */,
			);
			runOnlyForDeploymentPostprocessing = 0;
		};
/* End PBXFrameworksBuildPhase section */

/* Begin PBXGroup section */
		1C9391D42A221B9C003143CD /* Top Traders */ = {
			isa = PBXGroup;
			children = (
				1C9391D52A221BB1003143CD /* TopTradersViewController.swift */,
				1C9391DB2A221CAC003143CD /* TopTraderModel.swift */,
				1C9391DD2A221CB4003143CD /* TopTraderViewModel.swift */,
			);
			path = "Top Traders";
			sourceTree = "<group>";
		};
		1C9391D72A221C3E003143CD /* Trade */ = {
			isa = PBXGroup;
			children = (
				1CE8D6662A1E26070082D8C1 /* CustomStepperButton.swift */,
				1CE8D65C2A1D45DB0082D8C1 /* CustomActionsStack.swift */,
				1CE8D6622A1E06630082D8C1 /* CustomLabel.swift */,
				1CE8D6682A1E262E0082D8C1 /* CustomStepperLabel.swift */,
				1CE8D6642A1E14BF0082D8C1 /* BalanceLabel.swift */,
				1CE8D6812A1F52C20082D8C1 /* ConnectionErrorLabel.swift */,
				1CE8D66A2A1E2C4E0082D8C1 /* CustomButton.swift */,
				1CE8D66E2A1E8E9F0082D8C1 /* NotificationView.swift */,
				1CE8D6792A1EACF40082D8C1 /* LoadingView.swift */,
			);
			path = Trade;
			sourceTree = "<group>";
		};
		1C9391D82A221C4C003143CD /* TopTraders */ = {
			isa = PBXGroup;
			children = (
				1C9391D92A221C90003143CD /* TradeCell.swift */,
			);
			path = TopTraders;
			sourceTree = "<group>";
		};
		1C9AC7D02A23BFC40017E121 /* CurrencyPair */ = {
			isa = PBXGroup;
			children = (
				1C9AC7D12A23BFD00017E121 /* CustomCollectionCell.swift */,
			);
			path = CurrencyPair;
			sourceTree = "<group>";
		};
		1C9AC7F12A23EDDE0017E121 /* Indexes */ = {
			isa = PBXGroup;
			children = (
				1C9AC7E72A23EAC20017E121 /* AUDJPY.html */,
				1CE8D63C2A1D13550082D8C1 /* EURUSD.html */,
				1C9AC7D52A23E9820017E121 /* GPBUSD.html */,
				1C9AC7D72A23E9D60017E121 /* GBPJPY.html */,
				1C9AC7D92A23E9F30017E121 /* USDJPY.html */,
				1C9AC7DB2A23EA160017E121 /* AUDUSD.html */,
				1C9AC7DD2A23EA310017E121 /* USDCAD.html */,
				1C9AC7E32A23EA860017E121 /* USDCHF.html */,
				1C9AC7DF2A23EA4B0017E121 /* EURJPY.html */,
				1C9AC7EB2A23EAF90017E121 /* EURAUD.html */,
				1C9AC7E92A23EADF0017E121 /* NZDJPY.html */,
				1C9AC7E12A23EA6A0017E121 /* NZDUSD.html */,
				1C9AC7ED2A23EB190017E121 /* EURGBP.html */,
				1C9AC7EF2A23EB350017E121 /* AUDCAD.html */,
			);
			path = Indexes;
			sourceTree = "<group>";
		};
		1CE8D6132A1D0B160082D8C1 = {
			isa = PBXGroup;
			children = (
				1CE8D61E2A1D0B160082D8C1 /* TradeApp */,
				1CE8D61D2A1D0B160082D8C1 /* Products */,
				1CE8D67B2A1F499C0082D8C1 /* Frameworks */,
				4AED13E3952036301A3BCBB7 /* Pods */,
			);
			sourceTree = "<group>";
		};
		1CE8D61D2A1D0B160082D8C1 /* Products */ = {
			isa = PBXGroup;
			children = (
				1CE8D61C2A1D0B160082D8C1 /* TradeApp.app */,
			);
			name = Products;
			sourceTree = "<group>";
		};
		1CE8D61E2A1D0B160082D8C1 /* TradeApp */ = {
			isa = PBXGroup;
			children = (
				1CE8D65A2A1D2FC30082D8C1 /* ViewController.swift */,
				1CE8D6602A1E01C70082D8C1 /* App */,
				1CE8D6892A20C6D60082D8C1 /* Screens */,
				1CE8D68A2A20C7040082D8C1 /* CustomViews */,
				1CE8D6612A1E02530082D8C1 /* Sources */,
				1C9AC7F12A23EDDE0017E121 /* Indexes */,
				1CE8D6422A1D1F890082D8C1 /* Extensions.swift */,
				1CE8D65E2A1E01950082D8C1 /* Animations.swift */,
				1CE8D6562A1D22910082D8C1 /* Fonts */,
				1CE8D6852A1F62DF0082D8C1 /* HapticGenerator.swift */,
			);
			path = TradeApp;
			sourceTree = "<group>";
		};
		1CE8D6562A1D22910082D8C1 /* Fonts */ = {
			isa = PBXGroup;
			children = (
				1CE8D6442A1D20980082D8C1 /* Fonts.swift */,
				1CE8D6522A1D221F0082D8C1 /* Inter-Bold.ttf */,
				1CE8D6832A1F558D0082D8C1 /* Inter-ExtraBold.ttf */,
				1CE8D6532A1D221F0082D8C1 /* Inter-Medium.ttf */,
			);
			path = Fonts;
			sourceTree = "<group>";
		};
		1CE8D6572A1D28E50082D8C1 /* Trade */ = {
			isa = PBXGroup;
			children = (
				1CE8D6232A1D0B160082D8C1 /* TradeViewController.swift */,
				1CE8D66C2A1E342A0082D8C1 /* TradeModel.swift */,
				1CE8D6402A1D1C930082D8C1 /* TradeViewModel.swift */,
			);
			path = Trade;
			sourceTree = "<group>";
		};
		1CE8D6602A1E01C70082D8C1 /* App */ = {
			isa = PBXGroup;
			children = (
				1CE8D61F2A1D0B160082D8C1 /* AppDelegate.swift */,
				1CE8D6212A1D0B160082D8C1 /* SceneDelegate.swift */,
			);
			path = App;
			sourceTree = "<group>";
		};
		1CE8D6612A1E02530082D8C1 /* Sources */ = {
			isa = PBXGroup;
			children = (
				1CE8D62D2A1D0B180082D8C1 /* Info.plist */,
				1CE8D6282A1D0B180082D8C1 /* Assets.xcassets */,
				1CE8D62A2A1D0B180082D8C1 /* LaunchScreen.storyboard */,
			);
			path = Sources;
			sourceTree = "<group>";
		};
		1CE8D6702A1E9D910082D8C1 /* Currency Pair */ = {
			isa = PBXGroup;
			children = (
				1CE8D68C2A20CBCC0082D8C1 /* CurrencyPairViewController.swift */,
				1C9AC7CE2A23BFA30017E121 /* CurrencyPairViewModel.swift */,
			);
			path = "Currency Pair";
			sourceTree = "<group>";
		};
		1CE8D67B2A1F499C0082D8C1 /* Frameworks */ = {
			isa = PBXGroup;
			children = (
				1CE8D67C2A1F499C0082D8C1 /* SystemConfiguration.framework */,
				22C177FCE53664FA5E15BC3D /* Pods_TradeApp.framework */,
			);
			name = Frameworks;
			sourceTree = "<group>";
		};
		1CE8D6892A20C6D60082D8C1 /* Screens */ = {
			isa = PBXGroup;
			children = (
				1C9391D42A221B9C003143CD /* Top Traders */,
				1CE8D6702A1E9D910082D8C1 /* Currency Pair */,
				1CE8D6572A1D28E50082D8C1 /* Trade */,
			);
			path = Screens;
			sourceTree = "<group>";
		};
		1CE8D68A2A20C7040082D8C1 /* CustomViews */ = {
			isa = PBXGroup;
			children = (
				1C9AC7D02A23BFC40017E121 /* CurrencyPair */,
				1C9391D82A221C4C003143CD /* TopTraders */,
				1C9391D72A221C3E003143CD /* Trade */,
			);
			path = CustomViews;
			sourceTree = "<group>";
		};
		4AED13E3952036301A3BCBB7 /* Pods */ = {
			isa = PBXGroup;
			children = (
				6CDEFF66AB449A8E825D62FC /* Pods-TradeApp.debug.xcconfig */,
				AE48F26D07EE642A65830C84 /* Pods-TradeApp.release.xcconfig */,
			);
			path = Pods;
			sourceTree = "<group>";
		};
/* End PBXGroup section */

/* Begin PBXNativeTarget section */
		1CE8D61B2A1D0B160082D8C1 /* TradeApp */ = {
			isa = PBXNativeTarget;
			buildConfigurationList = 1CE8D6302A1D0B180082D8C1 /* Build configuration list for PBXNativeTarget "TradeApp" */;
			buildPhases = (
				66780D815AE621FA502D03BC /* [CP] Check Pods Manifest.lock */,
				1CE8D6182A1D0B160082D8C1 /* Sources */,
				1CE8D6192A1D0B160082D8C1 /* Frameworks */,
				1CE8D61A2A1D0B160082D8C1 /* Resources */,
				544DA3D83508441A4C37343F /* [CP] Embed Pods Frameworks */,
			);
			buildRules = (
			);
			dependencies = (
			);
			name = TradeApp;
			packageProductDependencies = (
				1CE8D63A2A1D10220082D8C1 /* SnapKit */,
			);
			productName = TradeApp;
			productReference = 1CE8D61C2A1D0B160082D8C1 /* TradeApp.app */;
			productType = "com.apple.product-type.application";
		};
/* End PBXNativeTarget section */

/* Begin PBXProject section */
		1CE8D6142A1D0B160082D8C1 /* Project object */ = {
			isa = PBXProject;
			attributes = {
				BuildIndependentTargetsInParallel = 1;
				LastSwiftUpdateCheck = 1410;
				LastUpgradeCheck = 1410;
				TargetAttributes = {
					1CE8D61B2A1D0B160082D8C1 = {
						CreatedOnToolsVersion = 14.1;
					};
				};
			};
			buildConfigurationList = 1CE8D6172A1D0B160082D8C1 /* Build configuration list for PBXProject "TradeApp" */;
			compatibilityVersion = "Xcode 14.0";
			developmentRegion = en;
			hasScannedForEncodings = 0;
			knownRegions = (
				en,
				Base,
			);
			mainGroup = 1CE8D6132A1D0B160082D8C1;
			packageReferences = (
				1CE8D6392A1D10220082D8C1 /* XCRemoteSwiftPackageReference "SnapKit" */,
			);
			productRefGroup = 1CE8D61D2A1D0B160082D8C1 /* Products */;
			projectDirPath = "";
			projectRoot = "";
			targets = (
				1CE8D61B2A1D0B160082D8C1 /* TradeApp */,
			);
		};
/* End PBXProject section */

/* Begin PBXResourcesBuildPhase section */
		1CE8D61A2A1D0B160082D8C1 /* Resources */ = {
			isa = PBXResourcesBuildPhase;
			buildActionMask = 2147483647;
			files = (
				1CE8D6542A1D221F0082D8C1 /* Inter-Bold.ttf in Resources */,
				1C9AC7E22A23EA6A0017E121 /* NZDUSD.html in Resources */,
				1C9AC7E02A23EA4B0017E121 /* EURJPY.html in Resources */,
				1CE8D63D2A1D13E90082D8C1 /* EURUSD.html in Resources */,
				1C9AC7E82A23EAC20017E121 /* AUDJPY.html in Resources */,
				1C9AC7EE2A23EB190017E121 /* EURGBP.html in Resources */,
				1C9AC7DE2A23EA310017E121 /* USDCAD.html in Resources */,
				1C9AC7DC2A23EA160017E121 /* AUDUSD.html in Resources */,
				1C9AC7DA2A23E9F30017E121 /* USDJPY.html in Resources */,
				1C9AC7D82A23E9D60017E121 /* GBPJPY.html in Resources */,
				1CE8D62C2A1D0B180082D8C1 /* LaunchScreen.storyboard in Resources */,
				1C9AC7D62A23E9820017E121 /* GPBUSD.html in Resources */,
				1CE8D6552A1D221F0082D8C1 /* Inter-Medium.ttf in Resources */,
				1CE8D6292A1D0B180082D8C1 /* Assets.xcassets in Resources */,
				1C9AC7EA2A23EADF0017E121 /* NZDJPY.html in Resources */,
				1C9AC7EC2A23EAF90017E121 /* EURAUD.html in Resources */,
				1CE8D6842A1F558D0082D8C1 /* Inter-ExtraBold.ttf in Resources */,
				1C9AC7F02A23EB350017E121 /* AUDCAD.html in Resources */,
				1C9AC7E42A23EA860017E121 /* USDCHF.html in Resources */,
			);
			runOnlyForDeploymentPostprocessing = 0;
		};
/* End PBXResourcesBuildPhase section */

/* Begin PBXShellScriptBuildPhase section */
		544DA3D83508441A4C37343F /* [CP] Embed Pods Frameworks */ = {
			isa = PBXShellScriptBuildPhase;
			buildActionMask = 2147483647;
			files = (
			);
			inputFileListPaths = (
				"${PODS_ROOT}/Target Support Files/Pods-TradeApp/Pods-TradeApp-frameworks-${CONFIGURATION}-input-files.xcfilelist",
			);
			name = "[CP] Embed Pods Frameworks";
			outputFileListPaths = (
				"${PODS_ROOT}/Target Support Files/Pods-TradeApp/Pods-TradeApp-frameworks-${CONFIGURATION}-output-files.xcfilelist",
			);
			runOnlyForDeploymentPostprocessing = 0;
			shellPath = /bin/sh;
			shellScript = "\"${PODS_ROOT}/Target Support Files/Pods-TradeApp/Pods-TradeApp-frameworks.sh\"\n";
			showEnvVarsInLog = 0;
		};
		66780D815AE621FA502D03BC /* [CP] Check Pods Manifest.lock */ = {
			isa = PBXShellScriptBuildPhase;
			buildActionMask = 2147483647;
			files = (
			);
			inputFileListPaths = (
			);
			inputPaths = (
				"${PODS_PODFILE_DIR_PATH}/Podfile.lock",
				"${PODS_ROOT}/Manifest.lock",
			);
			name = "[CP] Check Pods Manifest.lock";
			outputFileListPaths = (
			);
			outputPaths = (
				"$(DERIVED_FILE_DIR)/Pods-TradeApp-checkManifestLockResult.txt",
			);
			runOnlyForDeploymentPostprocessing = 0;
			shellPath = /bin/sh;
			shellScript = "diff \"${PODS_PODFILE_DIR_PATH}/Podfile.lock\" \"${PODS_ROOT}/Manifest.lock\" > /dev/null\nif [ $? != 0 ] ; then\n    # print error to STDERR\n    echo \"error: The sandbox is not in sync with the Podfile.lock. Run 'pod install' or update your CocoaPods installation.\" >&2\n    exit 1\nfi\n# This output is used by Xcode 'outputs' to avoid re-running this script phase.\necho \"SUCCESS\" > \"${SCRIPT_OUTPUT_FILE_0}\"\n";
			showEnvVarsInLog = 0;
		};
/* End PBXShellScriptBuildPhase section */

/* Begin PBXSourcesBuildPhase section */
		1CE8D6182A1D0B160082D8C1 /* Sources */ = {
			isa = PBXSourcesBuildPhase;
			buildActionMask = 2147483647;
			files = (
				1CE8D6452A1D20980082D8C1 /* Fonts.swift in Sources */,
				1CE8D6652A1E14BF0082D8C1 /* BalanceLabel.swift in Sources */,
				1CE8D6242A1D0B160082D8C1 /* TradeViewController.swift in Sources */,
				1C9391DC2A221CAC003143CD /* TopTraderModel.swift in Sources */,
				1CE8D6672A1E26070082D8C1 /* CustomStepperButton.swift in Sources */,
				1CE8D65D2A1D45DB0082D8C1 /* CustomActionsStack.swift in Sources */,
				1CE8D65B2A1D2FC30082D8C1 /* ViewController.swift in Sources */,
				1CE8D68D2A20CBCC0082D8C1 /* CurrencyPairViewController.swift in Sources */,
				1CE8D66F2A1E8E9F0082D8C1 /* NotificationView.swift in Sources */,
				1CE8D6432A1D1F890082D8C1 /* Extensions.swift in Sources */,
				1CE8D66D2A1E342A0082D8C1 /* TradeModel.swift in Sources */,
				1C9391D62A221BB1003143CD /* TopTradersViewController.swift in Sources */,
				1CE8D6202A1D0B160082D8C1 /* AppDelegate.swift in Sources */,
				1CE8D6632A1E06630082D8C1 /* CustomLabel.swift in Sources */,
				1CE8D6692A1E262E0082D8C1 /* CustomStepperLabel.swift in Sources */,
				1CE8D6412A1D1C930082D8C1 /* TradeViewModel.swift in Sources */,
				1CE8D65F2A1E01950082D8C1 /* Animations.swift in Sources */,
				1C9AC7CF2A23BFA30017E121 /* CurrencyPairViewModel.swift in Sources */,
				1C9AC7D22A23BFD00017E121 /* CustomCollectionCell.swift in Sources */,
				1CE8D6822A1F52C20082D8C1 /* ConnectionErrorLabel.swift in Sources */,
				1C9391DA2A221C90003143CD /* TradeCell.swift in Sources */,
				1CE8D6862A1F62DF0082D8C1 /* HapticGenerator.swift in Sources */,
				1CE8D6222A1D0B160082D8C1 /* SceneDelegate.swift in Sources */,
				1CE8D66B2A1E2C4E0082D8C1 /* CustomButton.swift in Sources */,
				1C9391DE2A221CB4003143CD /* TopTraderViewModel.swift in Sources */,
				1CE8D67A2A1EACF40082D8C1 /* LoadingView.swift in Sources */,
			);
			runOnlyForDeploymentPostprocessing = 0;
		};
/* End PBXSourcesBuildPhase section */

/* Begin PBXVariantGroup section */
		1CE8D62A2A1D0B180082D8C1 /* LaunchScreen.storyboard */ = {
			isa = PBXVariantGroup;
			children = (
				1CE8D62B2A1D0B180082D8C1 /* Base */,
			);
			name = LaunchScreen.storyboard;
			sourceTree = "<group>";
		};
/* End PBXVariantGroup section */

/* Begin XCBuildConfiguration section */
		1CE8D62E2A1D0B180082D8C1 /* Debug */ = {
			isa = XCBuildConfiguration;
			buildSettings = {
				ALWAYS_SEARCH_USER_PATHS = NO;
				CLANG_ANALYZER_NONNULL = YES;
				CLANG_ANALYZER_NUMBER_OBJECT_CONVERSION = YES_AGGRESSIVE;
				CLANG_CXX_LANGUAGE_STANDARD = "gnu++20";
				CLANG_ENABLE_MODULES = YES;
				CLANG_ENABLE_OBJC_ARC = YES;
				CLANG_ENABLE_OBJC_WEAK = YES;
				CLANG_WARN_BLOCK_CAPTURE_AUTORELEASING = YES;
				CLANG_WARN_BOOL_CONVERSION = YES;
				CLANG_WARN_COMMA = YES;
				CLANG_WARN_CONSTANT_CONVERSION = YES;
				CLANG_WARN_DEPRECATED_OBJC_IMPLEMENTATIONS = YES;
				CLANG_WARN_DIRECT_OBJC_ISA_USAGE = YES_ERROR;
				CLANG_WARN_DOCUMENTATION_COMMENTS = YES;
				CLANG_WARN_EMPTY_BODY = YES;
				CLANG_WARN_ENUM_CONVERSION = YES;
				CLANG_WARN_INFINITE_RECURSION = YES;
				CLANG_WARN_INT_CONVERSION = YES;
				CLANG_WARN_NON_LITERAL_NULL_CONVERSION = YES;
				CLANG_WARN_OBJC_IMPLICIT_RETAIN_SELF = YES;
				CLANG_WARN_OBJC_LITERAL_CONVERSION = YES;
				CLANG_WARN_OBJC_ROOT_CLASS = YES_ERROR;
				CLANG_WARN_QUOTED_INCLUDE_IN_FRAMEWORK_HEADER = YES;
				CLANG_WARN_RANGE_LOOP_ANALYSIS = YES;
				CLANG_WARN_STRICT_PROTOTYPES = YES;
				CLANG_WARN_SUSPICIOUS_MOVE = YES;
				CLANG_WARN_UNGUARDED_AVAILABILITY = YES_AGGRESSIVE;
				CLANG_WARN_UNREACHABLE_CODE = YES;
				CLANG_WARN__DUPLICATE_METHOD_MATCH = YES;
				COPY_PHASE_STRIP = NO;
				DEBUG_INFORMATION_FORMAT = dwarf;
				ENABLE_STRICT_OBJC_MSGSEND = YES;
				ENABLE_TESTABILITY = YES;
				GCC_C_LANGUAGE_STANDARD = gnu11;
				GCC_DYNAMIC_NO_PIC = NO;
				GCC_NO_COMMON_BLOCKS = YES;
				GCC_OPTIMIZATION_LEVEL = 0;
				GCC_PREPROCESSOR_DEFINITIONS = (
					"DEBUG=1",
					"$(inherited)",
				);
				GCC_WARN_64_TO_32_BIT_CONVERSION = YES;
				GCC_WARN_ABOUT_RETURN_TYPE = YES_ERROR;
				GCC_WARN_UNDECLARED_SELECTOR = YES;
				GCC_WARN_UNINITIALIZED_AUTOS = YES_AGGRESSIVE;
				GCC_WARN_UNUSED_FUNCTION = YES;
				GCC_WARN_UNUSED_VARIABLE = YES;
				IPHONEOS_DEPLOYMENT_TARGET = 16.1;
				MTL_ENABLE_DEBUG_INFO = INCLUDE_SOURCE;
				MTL_FAST_MATH = YES;
				ONLY_ACTIVE_ARCH = YES;
				SDKROOT = iphoneos;
				SWIFT_ACTIVE_COMPILATION_CONDITIONS = DEBUG;
				SWIFT_OPTIMIZATION_LEVEL = "-Onone";
			};
			name = Debug;
		};
		1CE8D62F2A1D0B180082D8C1 /* Release */ = {
			isa = XCBuildConfiguration;
			buildSettings = {
				ALWAYS_SEARCH_USER_PATHS = NO;
				CLANG_ANALYZER_NONNULL = YES;
				CLANG_ANALYZER_NUMBER_OBJECT_CONVERSION = YES_AGGRESSIVE;
				CLANG_CXX_LANGUAGE_STANDARD = "gnu++20";
				CLANG_ENABLE_MODULES = YES;
				CLANG_ENABLE_OBJC_ARC = YES;
				CLANG_ENABLE_OBJC_WEAK = YES;
				CLANG_WARN_BLOCK_CAPTURE_AUTORELEASING = YES;
				CLANG_WARN_BOOL_CONVERSION = YES;
				CLANG_WARN_COMMA = YES;
				CLANG_WARN_CONSTANT_CONVERSION = YES;
				CLANG_WARN_DEPRECATED_OBJC_IMPLEMENTATIONS = YES;
				CLANG_WARN_DIRECT_OBJC_ISA_USAGE = YES_ERROR;
				CLANG_WARN_DOCUMENTATION_COMMENTS = YES;
				CLANG_WARN_EMPTY_BODY = YES;
				CLANG_WARN_ENUM_CONVERSION = YES;
				CLANG_WARN_INFINITE_RECURSION = YES;
				CLANG_WARN_INT_CONVERSION = YES;
				CLANG_WARN_NON_LITERAL_NULL_CONVERSION = YES;
				CLANG_WARN_OBJC_IMPLICIT_RETAIN_SELF = YES;
				CLANG_WARN_OBJC_LITERAL_CONVERSION = YES;
				CLANG_WARN_OBJC_ROOT_CLASS = YES_ERROR;
				CLANG_WARN_QUOTED_INCLUDE_IN_FRAMEWORK_HEADER = YES;
				CLANG_WARN_RANGE_LOOP_ANALYSIS = YES;
				CLANG_WARN_STRICT_PROTOTYPES = YES;
				CLANG_WARN_SUSPICIOUS_MOVE = YES;
				CLANG_WARN_UNGUARDED_AVAILABILITY = YES_AGGRESSIVE;
				CLANG_WARN_UNREACHABLE_CODE = YES;
				CLANG_WARN__DUPLICATE_METHOD_MATCH = YES;
				COPY_PHASE_STRIP = NO;
				DEBUG_INFORMATION_FORMAT = "dwarf-with-dsym";
				ENABLE_NS_ASSERTIONS = NO;
				ENABLE_STRICT_OBJC_MSGSEND = YES;
				GCC_C_LANGUAGE_STANDARD = gnu11;
				GCC_NO_COMMON_BLOCKS = YES;
				GCC_WARN_64_TO_32_BIT_CONVERSION = YES;
				GCC_WARN_ABOUT_RETURN_TYPE = YES_ERROR;
				GCC_WARN_UNDECLARED_SELECTOR = YES;
				GCC_WARN_UNINITIALIZED_AUTOS = YES_AGGRESSIVE;
				GCC_WARN_UNUSED_FUNCTION = YES;
				GCC_WARN_UNUSED_VARIABLE = YES;
				IPHONEOS_DEPLOYMENT_TARGET = 16.1;
				MTL_ENABLE_DEBUG_INFO = NO;
				MTL_FAST_MATH = YES;
				SDKROOT = iphoneos;
				SWIFT_COMPILATION_MODE = wholemodule;
				SWIFT_OPTIMIZATION_LEVEL = "-O";
				VALIDATE_PRODUCT = YES;
			};
			name = Release;
		};
		1CE8D6312A1D0B180082D8C1 /* Debug */ = {
			isa = XCBuildConfiguration;
			baseConfigurationReference = 6CDEFF66AB449A8E825D62FC /* Pods-TradeApp.debug.xcconfig */;
			buildSettings = {
				ASSETCATALOG_COMPILER_APPICON_NAME = AppIcon;
				ASSETCATALOG_COMPILER_GLOBAL_ACCENT_COLOR_NAME = AccentColor;
				CODE_SIGN_STYLE = Automatic;
				CURRENT_PROJECT_VERSION = 1;
				DEVELOPMENT_TEAM = 9W967NS2C7;
				GENERATE_INFOPLIST_FILE = YES;
				INFOPLIST_FILE = TradeApp/Sources/Info.plist;
				INFOPLIST_KEY_UIApplicationSupportsIndirectInputEvents = YES;
				INFOPLIST_KEY_UILaunchStoryboardName = LaunchScreen;
				INFOPLIST_KEY_UIMainStoryboardFile = "";
				INFOPLIST_KEY_UISupportedInterfaceOrientations_iPad = "UIInterfaceOrientationPortrait UIInterfaceOrientationPortraitUpsideDown UIInterfaceOrientationLandscapeLeft UIInterfaceOrientationLandscapeRight";
				INFOPLIST_KEY_UISupportedInterfaceOrientations_iPhone = "UIInterfaceOrientationPortrait UIInterfaceOrientationLandscapeLeft UIInterfaceOrientationLandscapeRight";
				LD_RUNPATH_SEARCH_PATHS = (
					"$(inherited)",
					"@executable_path/Frameworks",
				);
				MARKETING_VERSION = 1.0;
				PRODUCT_BUNDLE_IDENTIFIER = Matvey.TradeApp;
				PRODUCT_NAME = "$(TARGET_NAME)";
				SWIFT_EMIT_LOC_STRINGS = YES;
				SWIFT_VERSION = 5.0;
				TARGETED_DEVICE_FAMILY = "1,2";
			};
			name = Debug;
		};
		1CE8D6322A1D0B180082D8C1 /* Release */ = {
			isa = XCBuildConfiguration;
			baseConfigurationReference = AE48F26D07EE642A65830C84 /* Pods-TradeApp.release.xcconfig */;
			buildSettings = {
				ASSETCATALOG_COMPILER_APPICON_NAME = AppIcon;
				ASSETCATALOG_COMPILER_GLOBAL_ACCENT_COLOR_NAME = AccentColor;
				CODE_SIGN_STYLE = Automatic;
				CURRENT_PROJECT_VERSION = 1;
				DEVELOPMENT_TEAM = 9W967NS2C7;
				GENERATE_INFOPLIST_FILE = YES;
				INFOPLIST_FILE = TradeApp/Sources/Info.plist;
				INFOPLIST_KEY_UIApplicationSupportsIndirectInputEvents = YES;
				INFOPLIST_KEY_UILaunchStoryboardName = LaunchScreen;
				INFOPLIST_KEY_UIMainStoryboardFile = "";
				INFOPLIST_KEY_UISupportedInterfaceOrientations_iPad = "UIInterfaceOrientationPortrait UIInterfaceOrientationPortraitUpsideDown UIInterfaceOrientationLandscapeLeft UIInterfaceOrientationLandscapeRight";
				INFOPLIST_KEY_UISupportedInterfaceOrientations_iPhone = "UIInterfaceOrientationPortrait UIInterfaceOrientationLandscapeLeft UIInterfaceOrientationLandscapeRight";
				LD_RUNPATH_SEARCH_PATHS = (
					"$(inherited)",
					"@executable_path/Frameworks",
				);
				MARKETING_VERSION = 1.0;
				PRODUCT_BUNDLE_IDENTIFIER = Matvey.TradeApp;
				PRODUCT_NAME = "$(TARGET_NAME)";
				SWIFT_EMIT_LOC_STRINGS = YES;
				SWIFT_VERSION = 5.0;
				TARGETED_DEVICE_FAMILY = "1,2";
			};
			name = Release;
		};
/* End XCBuildConfiguration section */

/* Begin XCConfigurationList section */
		1CE8D6172A1D0B160082D8C1 /* Build configuration list for PBXProject "TradeApp" */ = {
			isa = XCConfigurationList;
			buildConfigurations = (
				1CE8D62E2A1D0B180082D8C1 /* Debug */,
				1CE8D62F2A1D0B180082D8C1 /* Release */,
			);
			defaultConfigurationIsVisible = 0;
			defaultConfigurationName = Release;
		};
		1CE8D6302A1D0B180082D8C1 /* Build configuration list for PBXNativeTarget "TradeApp" */ = {
			isa = XCConfigurationList;
			buildConfigurations = (
				1CE8D6312A1D0B180082D8C1 /* Debug */,
				1CE8D6322A1D0B180082D8C1 /* Release */,
			);
			defaultConfigurationIsVisible = 0;
			defaultConfigurationName = Release;
		};
/* End XCConfigurationList section */

/* Begin XCRemoteSwiftPackageReference section */
		1CE8D6392A1D10220082D8C1 /* XCRemoteSwiftPackageReference "SnapKit" */ = {
			isa = XCRemoteSwiftPackageReference;
			repositoryURL = "https://github.com/SnapKit/SnapKit.git";
			requirement = {
				kind = upToNextMinorVersion;
				minimumVersion = 5.6.0;
			};
		};
/* End XCRemoteSwiftPackageReference section */

/* Begin XCSwiftPackageProductDependency section */
		1CE8D63A2A1D10220082D8C1 /* SnapKit */ = {
			isa = XCSwiftPackageProductDependency;
			package = 1CE8D6392A1D10220082D8C1 /* XCRemoteSwiftPackageReference "SnapKit" */;
			productName = SnapKit;
		};
/* End XCSwiftPackageProductDependency section */
	};
	rootObject = 1CE8D6142A1D0B160082D8C1 /* Project object */;
}
